// !$*UTF8*$!
{
	archiveVersion = 1;
	classes = {
	};
	objectVersion = 50;
	objects = {

/* Begin PBXBuildFile section */
		B8314473259C99990075D898 /* AppDelegate.swift in Sources */ = {isa = PBXBuildFile; fileRef = B8314472259C99990075D898 /* AppDelegate.swift */; };
		B8314475259C99990075D898 /* SceneDelegate.swift in Sources */ = {isa = PBXBuildFile; fileRef = B8314474259C99990075D898 /* SceneDelegate.swift */; };
		B8314477259C99990075D898 /* MainViewController.swift in Sources */ = {isa = PBXBuildFile; fileRef = B8314476259C99990075D898 /* MainViewController.swift */; };
		B831447C259C999B0075D898 /* Assets.xcassets in Resources */ = {isa = PBXBuildFile; fileRef = B831447B259C999B0075D898 /* Assets.xcassets */; };
		B83144C4259C9F7E0075D898 /* Main.storyboard in Resources */ = {isa = PBXBuildFile; fileRef = B83144C3259C9F7E0075D898 /* Main.storyboard */; };
		B83144CA259C9F950075D898 /* LaunchScreen.storyboard in Resources */ = {isa = PBXBuildFile; fileRef = B83144C9259C9F950075D898 /* LaunchScreen.storyboard */; };
		B83144D1259CA4A50075D898 /* Coordinator.swift in Sources */ = {isa = PBXBuildFile; fileRef = B83144D0259CA4A50075D898 /* Coordinator.swift */; };
		B83144D7259CA4F80075D898 /* WeakReference.swift in Sources */ = {isa = PBXBuildFile; fileRef = B83144D6259CA4F80075D898 /* WeakReference.swift */; };
		B83144DB259CA70B0075D898 /* Coordinator+.swift in Sources */ = {isa = PBXBuildFile; fileRef = B83144DA259CA70B0075D898 /* Coordinator+.swift */; };
		B83144E0259CA7290075D898 /* ViewModel.swift in Sources */ = {isa = PBXBuildFile; fileRef = B83144DF259CA7290075D898 /* ViewModel.swift */; };
		B83144E7259CA74C0075D898 /* ViewModelOwner.swift in Sources */ = {isa = PBXBuildFile; fileRef = B83144E6259CA74C0075D898 /* ViewModelOwner.swift */; };
		B83144EE259CA7A80075D898 /* StoryboardLoadable.swift in Sources */ = {isa = PBXBuildFile; fileRef = B83144ED259CA7A80075D898 /* StoryboardLoadable.swift */; };
		B83144F5259CB4E60075D898 /* DependenciesContainer.swift in Sources */ = {isa = PBXBuildFile; fileRef = B83144F4259CB4E60075D898 /* DependenciesContainer.swift */; };
		B83144FB259CB50D0075D898 /* Dependencies.swift in Sources */ = {isa = PBXBuildFile; fileRef = B83144FA259CB50D0075D898 /* Dependencies.swift */; };
		B831450D259CB9110075D898 /* XCTestCase+.swift in Sources */ = {isa = PBXBuildFile; fileRef = B831450C259CB9110075D898 /* XCTestCase+.swift */; };
		B8314514259CB9650075D898 /* DependenciesContainerMock.swift in Sources */ = {isa = PBXBuildFile; fileRef = B8314513259CB9650075D898 /* DependenciesContainerMock.swift */; };
		B831451D259CB9F50075D898 /* DependenciesManagerTests.swift in Sources */ = {isa = PBXBuildFile; fileRef = B831451C259CB9F50075D898 /* DependenciesManagerTests.swift */; };
		B8314523259CBAA50075D898 /* MockScene.storyboard in Resources */ = {isa = PBXBuildFile; fileRef = B8314522259CBAA50075D898 /* MockScene.storyboard */; };
		B8314529259CBAEC0075D898 /* MockSceneViewController.swift in Sources */ = {isa = PBXBuildFile; fileRef = B8314528259CBAEC0075D898 /* MockSceneViewController.swift */; };
		B831452D259CBBB50075D898 /* StoryboardLoadableTests.swift in Sources */ = {isa = PBXBuildFile; fileRef = B831452C259CBBB50075D898 /* StoryboardLoadableTests.swift */; };
		B8314532259CBE4A0075D898 /* String+.swift in Sources */ = {isa = PBXBuildFile; fileRef = B8314531259CBE4A0075D898 /* String+.swift */; };
		B831454C259CD8050075D898 /* URLSessionService.swift in Sources */ = {isa = PBXBuildFile; fileRef = B831454B259CD8050075D898 /* URLSessionService.swift */; };
		B8314558259CDC9F0075D898 /* Array+.swift in Sources */ = {isa = PBXBuildFile; fileRef = B8314557259CDC9F0075D898 /* Array+.swift */; };
		B831455C259D057B0075D898 /* CustomLocalisedError.swift in Sources */ = {isa = PBXBuildFile; fileRef = B831455B259D057B0075D898 /* CustomLocalisedError.swift */; };
		B8314568259D083F0075D898 /* URLSessionServiceMock.swift in Sources */ = {isa = PBXBuildFile; fileRef = B8314567259D083F0075D898 /* URLSessionServiceMock.swift */; };
		B831456E259D08610075D898 /* URLSessionMock.swift in Sources */ = {isa = PBXBuildFile; fileRef = B831456D259D08610075D898 /* URLSessionMock.swift */; };
		B8314589259D10DC0075D898 /* Secrets.swift in Sources */ = {isa = PBXBuildFile; fileRef = B8314588259D10DC0075D898 /* Secrets.swift */; };
		B8314591259D12600075D898 /* Mutable.swift in Sources */ = {isa = PBXBuildFile; fileRef = B8314590259D12600075D898 /* Mutable.swift */; };
		B8314596259E11DF0075D898 /* Combine+URLRequestValidation.swift in Sources */ = {isa = PBXBuildFile; fileRef = B8314595259E11DF0075D898 /* Combine+URLRequestValidation.swift */; };
		B83145B1259E23B10075D898 /* Set+Range.swift in Sources */ = {isa = PBXBuildFile; fileRef = B83145B0259E23B10075D898 /* Set+Range.swift */; };
		B83145B7259E25A40075D898 /* Set+.swift in Sources */ = {isa = PBXBuildFile; fileRef = B83145B6259E25A40075D898 /* Set+.swift */; };
		B83145EA259E732C0075D898 /* EPICImage+Mock.swift in Sources */ = {isa = PBXBuildFile; fileRef = B83145E9259E732C0075D898 /* EPICImage+Mock.swift */; };
		B8C1585225A9FF07003F40CF /* EPICImage.swift in Sources */ = {isa = PBXBuildFile; fileRef = B8C1585125A9FF07003F40CF /* EPICImage.swift */; };
		B8C1585A25A9FF87003F40CF /* SpaceService.swift in Sources */ = {isa = PBXBuildFile; fileRef = B8C1585925A9FF87003F40CF /* SpaceService.swift */; };
		B8C1585F25AA01D4003F40CF /* URL+.swift in Sources */ = {isa = PBXBuildFile; fileRef = B8C1585E25AA01D4003F40CF /* URL+.swift */; };
		B8C1586725AA06EA003F40CF /* Publisher+Unwrap.swift in Sources */ = {isa = PBXBuildFile; fileRef = B8C1586625AA06EA003F40CF /* Publisher+Unwrap.swift */; };
		B8C1587925AA105E003F40CF /* SpaceServiceMock.swift in Sources */ = {isa = PBXBuildFile; fileRef = B8C1587825AA105E003F40CF /* SpaceServiceMock.swift */; };
		B8C1588125AC807E003F40CF /* UIView+AssignWeaklyAnimating.swift in Sources */ = {isa = PBXBuildFile; fileRef = B8C1588025AC807E003F40CF /* UIView+AssignWeaklyAnimating.swift */; };
		B8E7FE5625A39F180016CDC6 /* AnyPublisher+Mock.swift in Sources */ = {isa = PBXBuildFile; fileRef = B8E7FE5525A39F180016CDC6 /* AnyPublisher+Mock.swift */; };
		B8E7FE5E25A39F880016CDC6 /* MockError.swift in Sources */ = {isa = PBXBuildFile; fileRef = B8E7FE5D25A39F880016CDC6 /* MockError.swift */; };
		B8E7FE6825A3A2B30016CDC6 /* MainViewModel.swift in Sources */ = {isa = PBXBuildFile; fileRef = B8E7FE6725A3A2B30016CDC6 /* MainViewModel.swift */; };
		B8E7FE6C25A3AA000016CDC6 /* Publisher+MapFlatMap.swift in Sources */ = {isa = PBXBuildFile; fileRef = B8E7FE6B25A3AA000016CDC6 /* Publisher+MapFlatMap.swift */; };
		B8E7FE7025A3B05A0016CDC6 /* Publisher+AssignWeakly.swift in Sources */ = {isa = PBXBuildFile; fileRef = B8E7FE6F25A3B05A0016CDC6 /* Publisher+AssignWeakly.swift */; };
		B8E7FE7725A3B1C20016CDC6 /* AppCoordinator.swift in Sources */ = {isa = PBXBuildFile; fileRef = B8E7FE7625A3B1C20016CDC6 /* AppCoordinator.swift */; };
		B8E7FE8625A3D9850016CDC6 /* CGSize+.swift in Sources */ = {isa = PBXBuildFile; fileRef = B8E7FE8525A3D9850016CDC6 /* CGSize+.swift */; };
		B8E7FE8A25A3E51B0016CDC6 /* CGRect+.swift in Sources */ = {isa = PBXBuildFile; fileRef = B8E7FE8925A3E51B0016CDC6 /* CGRect+.swift */; };
		B8E7FE8E25A3E6390016CDC6 /* CGPoint+.swift in Sources */ = {isa = PBXBuildFile; fileRef = B8E7FE8D25A3E6390016CDC6 /* CGPoint+.swift */; };
		B8E7FEAC25A487330016CDC6 /* Integer+Byte.swift in Sources */ = {isa = PBXBuildFile; fileRef = B8E7FEAB25A487330016CDC6 /* Integer+Byte.swift */; };
		B8E7FEB425A48A340016CDC6 /* MainViewModel+State.swift in Sources */ = {isa = PBXBuildFile; fileRef = B8E7FEB325A48A340016CDC6 /* MainViewModel+State.swift */; };
		B8E7FEBD25A496860016CDC6 /* Loadable.swift in Sources */ = {isa = PBXBuildFile; fileRef = B8E7FEBC25A496860016CDC6 /* Loadable.swift */; };
		B8E7FECD25A49EDC0016CDC6 /* Loadable+Combine.swift in Sources */ = {isa = PBXBuildFile; fileRef = B8E7FECC25A49EDC0016CDC6 /* Loadable+Combine.swift */; };
		B8E7FF0225A4B1530016CDC6 /* MainViewModel+PanningInteraction.swift in Sources */ = {isa = PBXBuildFile; fileRef = B8E7FF0125A4B1530016CDC6 /* MainViewModel+PanningInteraction.swift */; };
		B8E7FF1625A523E70016CDC6 /* ImageService.swift in Sources */ = {isa = PBXBuildFile; fileRef = B8E7FF1525A523E70016CDC6 /* ImageService.swift */; };
		B8E7FF2125A527DE0016CDC6 /* ImageServiceMock.swift in Sources */ = {isa = PBXBuildFile; fileRef = B8E7FF2025A527DE0016CDC6 /* ImageServiceMock.swift */; };
/* End PBXBuildFile section */

/* Begin PBXContainerItemProxy section */
		B8314486259C999B0075D898 /* PBXContainerItemProxy */ = {
			isa = PBXContainerItemProxy;
			containerPortal = B8314467259C99990075D898 /* Project object */;
			proxyType = 1;
			remoteGlobalIDString = B831446E259C99990075D898;
			remoteInfo = Space;
		};
/* End PBXContainerItemProxy section */

/* Begin PBXFileReference section */
		B831446F259C99990075D898 /* Space.app */ = {isa = PBXFileReference; explicitFileType = wrapper.application; includeInIndex = 0; path = Space.app; sourceTree = BUILT_PRODUCTS_DIR; };
		B8314472259C99990075D898 /* AppDelegate.swift */ = {isa = PBXFileReference; lastKnownFileType = sourcecode.swift; path = AppDelegate.swift; sourceTree = "<group>"; };
		B8314474259C99990075D898 /* SceneDelegate.swift */ = {isa = PBXFileReference; lastKnownFileType = sourcecode.swift; path = SceneDelegate.swift; sourceTree = "<group>"; };
		B8314476259C99990075D898 /* MainViewController.swift */ = {isa = PBXFileReference; lastKnownFileType = sourcecode.swift; path = MainViewController.swift; sourceTree = "<group>"; };
		B831447B259C999B0075D898 /* Assets.xcassets */ = {isa = PBXFileReference; lastKnownFileType = folder.assetcatalog; path = Assets.xcassets; sourceTree = "<group>"; };
		B8314480259C999B0075D898 /* Info.plist */ = {isa = PBXFileReference; lastKnownFileType = text.plist.xml; path = Info.plist; sourceTree = "<group>"; };
		B8314485259C999B0075D898 /* SpaceTests.xctest */ = {isa = PBXFileReference; explicitFileType = wrapper.cfbundle; includeInIndex = 0; path = SpaceTests.xctest; sourceTree = BUILT_PRODUCTS_DIR; };
		B831448B259C999B0075D898 /* Info.plist */ = {isa = PBXFileReference; lastKnownFileType = text.plist.xml; path = Info.plist; sourceTree = "<group>"; };
		B83144C3259C9F7E0075D898 /* Main.storyboard */ = {isa = PBXFileReference; lastKnownFileType = file.storyboard; path = Main.storyboard; sourceTree = "<group>"; };
		B83144C9259C9F950075D898 /* LaunchScreen.storyboard */ = {isa = PBXFileReference; lastKnownFileType = file.storyboard; path = LaunchScreen.storyboard; sourceTree = "<group>"; };
		B83144D0259CA4A50075D898 /* Coordinator.swift */ = {isa = PBXFileReference; lastKnownFileType = sourcecode.swift; path = Coordinator.swift; sourceTree = "<group>"; };
		B83144D6259CA4F80075D898 /* WeakReference.swift */ = {isa = PBXFileReference; lastKnownFileType = sourcecode.swift; path = WeakReference.swift; sourceTree = "<group>"; };
		B83144DA259CA70B0075D898 /* Coordinator+.swift */ = {isa = PBXFileReference; lastKnownFileType = sourcecode.swift; path = "Coordinator+.swift"; sourceTree = "<group>"; };
		B83144DF259CA7290075D898 /* ViewModel.swift */ = {isa = PBXFileReference; lastKnownFileType = sourcecode.swift; path = ViewModel.swift; sourceTree = "<group>"; };
		B83144E6259CA74C0075D898 /* ViewModelOwner.swift */ = {isa = PBXFileReference; lastKnownFileType = sourcecode.swift; path = ViewModelOwner.swift; sourceTree = "<group>"; };
		B83144ED259CA7A80075D898 /* StoryboardLoadable.swift */ = {isa = PBXFileReference; lastKnownFileType = sourcecode.swift; path = StoryboardLoadable.swift; sourceTree = "<group>"; };
		B83144F4259CB4E60075D898 /* DependenciesContainer.swift */ = {isa = PBXFileReference; lastKnownFileType = sourcecode.swift; path = DependenciesContainer.swift; sourceTree = "<group>"; };
		B83144FA259CB50D0075D898 /* Dependencies.swift */ = {isa = PBXFileReference; lastKnownFileType = sourcecode.swift; path = Dependencies.swift; sourceTree = "<group>"; };
		B831450C259CB9110075D898 /* XCTestCase+.swift */ = {isa = PBXFileReference; lastKnownFileType = sourcecode.swift; path = "XCTestCase+.swift"; sourceTree = "<group>"; };
		B8314513259CB9650075D898 /* DependenciesContainerMock.swift */ = {isa = PBXFileReference; lastKnownFileType = sourcecode.swift; path = DependenciesContainerMock.swift; sourceTree = "<group>"; };
		B831451C259CB9F50075D898 /* DependenciesManagerTests.swift */ = {isa = PBXFileReference; lastKnownFileType = sourcecode.swift; path = DependenciesManagerTests.swift; sourceTree = "<group>"; };
		B8314522259CBAA50075D898 /* MockScene.storyboard */ = {isa = PBXFileReference; lastKnownFileType = file.storyboard; path = MockScene.storyboard; sourceTree = "<group>"; };
		B8314528259CBAEC0075D898 /* MockSceneViewController.swift */ = {isa = PBXFileReference; lastKnownFileType = sourcecode.swift; path = MockSceneViewController.swift; sourceTree = "<group>"; };
		B831452C259CBBB50075D898 /* StoryboardLoadableTests.swift */ = {isa = PBXFileReference; lastKnownFileType = sourcecode.swift; path = StoryboardLoadableTests.swift; sourceTree = "<group>"; };
		B8314531259CBE4A0075D898 /* String+.swift */ = {isa = PBXFileReference; lastKnownFileType = sourcecode.swift; path = "String+.swift"; sourceTree = "<group>"; };
		B831454B259CD8050075D898 /* URLSessionService.swift */ = {isa = PBXFileReference; lastKnownFileType = sourcecode.swift; path = URLSessionService.swift; sourceTree = "<group>"; };
		B8314557259CDC9F0075D898 /* Array+.swift */ = {isa = PBXFileReference; lastKnownFileType = sourcecode.swift; path = "Array+.swift"; sourceTree = "<group>"; };
		B831455B259D057B0075D898 /* CustomLocalisedError.swift */ = {isa = PBXFileReference; lastKnownFileType = sourcecode.swift; path = CustomLocalisedError.swift; sourceTree = "<group>"; };
		B8314567259D083F0075D898 /* URLSessionServiceMock.swift */ = {isa = PBXFileReference; lastKnownFileType = sourcecode.swift; path = URLSessionServiceMock.swift; sourceTree = "<group>"; };
		B831456D259D08610075D898 /* URLSessionMock.swift */ = {isa = PBXFileReference; lastKnownFileType = sourcecode.swift; path = URLSessionMock.swift; sourceTree = "<group>"; };
		B8314588259D10DC0075D898 /* Secrets.swift */ = {isa = PBXFileReference; lastKnownFileType = sourcecode.swift; path = Secrets.swift; sourceTree = "<group>"; };
		B8314590259D12600075D898 /* Mutable.swift */ = {isa = PBXFileReference; lastKnownFileType = sourcecode.swift; path = Mutable.swift; sourceTree = "<group>"; };
		B8314595259E11DF0075D898 /* Combine+URLRequestValidation.swift */ = {isa = PBXFileReference; lastKnownFileType = sourcecode.swift; path = "Combine+URLRequestValidation.swift"; sourceTree = "<group>"; };
		B83145B0259E23B10075D898 /* Set+Range.swift */ = {isa = PBXFileReference; lastKnownFileType = sourcecode.swift; path = "Set+Range.swift"; sourceTree = "<group>"; };
		B83145B6259E25A40075D898 /* Set+.swift */ = {isa = PBXFileReference; lastKnownFileType = sourcecode.swift; path = "Set+.swift"; sourceTree = "<group>"; };
		B83145E9259E732C0075D898 /* EPICImage+Mock.swift */ = {isa = PBXFileReference; lastKnownFileType = sourcecode.swift; path = "EPICImage+Mock.swift"; sourceTree = "<group>"; };
		B8C1585125A9FF07003F40CF /* EPICImage.swift */ = {isa = PBXFileReference; lastKnownFileType = sourcecode.swift; path = EPICImage.swift; sourceTree = "<group>"; };
		B8C1585925A9FF87003F40CF /* SpaceService.swift */ = {isa = PBXFileReference; lastKnownFileType = sourcecode.swift; path = SpaceService.swift; sourceTree = "<group>"; };
		B8C1585E25AA01D4003F40CF /* URL+.swift */ = {isa = PBXFileReference; lastKnownFileType = sourcecode.swift; path = "URL+.swift"; sourceTree = "<group>"; };
		B8C1586625AA06EA003F40CF /* Publisher+Unwrap.swift */ = {isa = PBXFileReference; lastKnownFileType = sourcecode.swift; path = "Publisher+Unwrap.swift"; sourceTree = "<group>"; };
		B8C1587825AA105E003F40CF /* SpaceServiceMock.swift */ = {isa = PBXFileReference; lastKnownFileType = sourcecode.swift; path = SpaceServiceMock.swift; sourceTree = "<group>"; };
		B8C1588025AC807E003F40CF /* UIView+AssignWeaklyAnimating.swift */ = {isa = PBXFileReference; lastKnownFileType = sourcecode.swift; path = "UIView+AssignWeaklyAnimating.swift"; sourceTree = "<group>"; };
		B8E7FE5525A39F180016CDC6 /* AnyPublisher+Mock.swift */ = {isa = PBXFileReference; lastKnownFileType = sourcecode.swift; path = "AnyPublisher+Mock.swift"; sourceTree = "<group>"; };
		B8E7FE5D25A39F880016CDC6 /* MockError.swift */ = {isa = PBXFileReference; lastKnownFileType = sourcecode.swift; path = MockError.swift; sourceTree = "<group>"; };
		B8E7FE6725A3A2B30016CDC6 /* MainViewModel.swift */ = {isa = PBXFileReference; lastKnownFileType = sourcecode.swift; path = MainViewModel.swift; sourceTree = "<group>"; };
		B8E7FE6B25A3AA000016CDC6 /* Publisher+MapFlatMap.swift */ = {isa = PBXFileReference; lastKnownFileType = sourcecode.swift; path = "Publisher+MapFlatMap.swift"; sourceTree = "<group>"; };
		B8E7FE6F25A3B05A0016CDC6 /* Publisher+AssignWeakly.swift */ = {isa = PBXFileReference; lastKnownFileType = sourcecode.swift; path = "Publisher+AssignWeakly.swift"; sourceTree = "<group>"; };
		B8E7FE7625A3B1C20016CDC6 /* AppCoordinator.swift */ = {isa = PBXFileReference; lastKnownFileType = sourcecode.swift; path = AppCoordinator.swift; sourceTree = "<group>"; };
		B8E7FE8525A3D9850016CDC6 /* CGSize+.swift */ = {isa = PBXFileReference; lastKnownFileType = sourcecode.swift; path = "CGSize+.swift"; sourceTree = "<group>"; };
		B8E7FE8925A3E51B0016CDC6 /* CGRect+.swift */ = {isa = PBXFileReference; lastKnownFileType = sourcecode.swift; path = "CGRect+.swift"; sourceTree = "<group>"; };
		B8E7FE8D25A3E6390016CDC6 /* CGPoint+.swift */ = {isa = PBXFileReference; lastKnownFileType = sourcecode.swift; path = "CGPoint+.swift"; sourceTree = "<group>"; };
		B8E7FEAB25A487330016CDC6 /* Integer+Byte.swift */ = {isa = PBXFileReference; lastKnownFileType = sourcecode.swift; path = "Integer+Byte.swift"; sourceTree = "<group>"; };
		B8E7FEB325A48A340016CDC6 /* MainViewModel+State.swift */ = {isa = PBXFileReference; lastKnownFileType = sourcecode.swift; path = "MainViewModel+State.swift"; sourceTree = "<group>"; };
		B8E7FEBC25A496860016CDC6 /* Loadable.swift */ = {isa = PBXFileReference; lastKnownFileType = sourcecode.swift; path = Loadable.swift; sourceTree = "<group>"; };
		B8E7FECC25A49EDC0016CDC6 /* Loadable+Combine.swift */ = {isa = PBXFileReference; lastKnownFileType = sourcecode.swift; path = "Loadable+Combine.swift"; sourceTree = "<group>"; };
		B8E7FF0125A4B1530016CDC6 /* MainViewModel+PanningInteraction.swift */ = {isa = PBXFileReference; lastKnownFileType = sourcecode.swift; path = "MainViewModel+PanningInteraction.swift"; sourceTree = "<group>"; };
		B8E7FF1525A523E70016CDC6 /* ImageService.swift */ = {isa = PBXFileReference; lastKnownFileType = sourcecode.swift; path = ImageService.swift; sourceTree = "<group>"; };
		B8E7FF2025A527DE0016CDC6 /* ImageServiceMock.swift */ = {isa = PBXFileReference; lastKnownFileType = sourcecode.swift; path = ImageServiceMock.swift; sourceTree = "<group>"; };
/* End PBXFileReference section */

/* Begin PBXFrameworksBuildPhase section */
		B831446C259C99990075D898 /* Frameworks */ = {
			isa = PBXFrameworksBuildPhase;
			buildActionMask = 2147483647;
			files = (
			);
			runOnlyForDeploymentPostprocessing = 0;
		};
		B8314482259C999B0075D898 /* Frameworks */ = {
			isa = PBXFrameworksBuildPhase;
			buildActionMask = 2147483647;
			files = (
			);
			runOnlyForDeploymentPostprocessing = 0;
		};
/* End PBXFrameworksBuildPhase section */

/* Begin PBXGroup section */
		B8314466259C99990075D898 = {
			isa = PBXGroup;
			children = (
				B8314471259C99990075D898 /* Space */,
				B8314488259C999B0075D898 /* SpaceTests */,
				B8314470259C99990075D898 /* Products */,
			);
			sourceTree = "<group>";
		};
		B8314470259C99990075D898 /* Products */ = {
			isa = PBXGroup;
			children = (
				B831446F259C99990075D898 /* Space.app */,
				B8314485259C999B0075D898 /* SpaceTests.xctest */,
			);
			name = Products;
			sourceTree = "<group>";
		};
		B8314471259C99990075D898 /* Space */ = {
			isa = PBXGroup;
			children = (
				B8314535259CD6430075D898 /* Model */,
				B83144D4259CA4D30075D898 /* Common */,
				B83144B1259C9BED0075D898 /* Supporting */,
				B83144B0259C9BE50075D898 /* Scenes */,
				B83144AF259C9BD90075D898 /* Resources */,
			);
			path = Space;
			sourceTree = "<group>";
		};
		B8314488259C999B0075D898 /* SpaceTests */ = {
			isa = PBXGroup;
			children = (
				B8314506259CB8C90075D898 /* Common */,
				B8314512259CB9570075D898 /* Mock */,
				B8314507259CB8D40075D898 /* Supporting */,
				B8314519259CB9C50075D898 /* Tests */,
			);
			path = SpaceTests;
			sourceTree = "<group>";
		};
		B83144AF259C9BD90075D898 /* Resources */ = {
			isa = PBXGroup;
			children = (
				B831447B259C999B0075D898 /* Assets.xcassets */,
			);
			path = Resources;
			sourceTree = "<group>";
		};
		B83144B0259C9BE50075D898 /* Scenes */ = {
			isa = PBXGroup;
			children = (
				B83144B3259C9C2D0075D898 /* Main */,
			);
			path = Scenes;
			sourceTree = "<group>";
		};
		B83144B1259C9BED0075D898 /* Supporting */ = {
			isa = PBXGroup;
			children = (
				B8314480259C999B0075D898 /* Info.plist */,
				B83144C9259C9F950075D898 /* LaunchScreen.storyboard */,
				B8E7FE7625A3B1C20016CDC6 /* AppCoordinator.swift */,
				B8314472259C99990075D898 /* AppDelegate.swift */,
				B8314474259C99990075D898 /* SceneDelegate.swift */,
				B8314588259D10DC0075D898 /* Secrets.swift */,
			);
			path = Supporting;
			sourceTree = "<group>";
		};
		B83144B3259C9C2D0075D898 /* Main */ = {
			isa = PBXGroup;
			children = (
				B83144C3259C9F7E0075D898 /* Main.storyboard */,
				B8314476259C99990075D898 /* MainViewController.swift */,
				B8E7FE6725A3A2B30016CDC6 /* MainViewModel.swift */,
				B8E7FEB325A48A340016CDC6 /* MainViewModel+State.swift */,
				B8E7FF0125A4B1530016CDC6 /* MainViewModel+PanningInteraction.swift */,
			);
			path = Main;
			sourceTree = "<group>";
		};
		B83144CF259CA47F0075D898 /* Architecture */ = {
			isa = PBXGroup;
			children = (
				B83144D0259CA4A50075D898 /* Coordinator.swift */,
				B83144DA259CA70B0075D898 /* Coordinator+.swift */,
				B83144DF259CA7290075D898 /* ViewModel.swift */,
				B83144E6259CA74C0075D898 /* ViewModelOwner.swift */,
			);
			path = Architecture;
			sourceTree = "<group>";
		};
		B83144D4259CA4D30075D898 /* Common */ = {
			isa = PBXGroup;
			children = (
				B83144CF259CA47F0075D898 /* Architecture */,
				B8314594259E11C50075D898 /* Combine */,
				B8E7FE8425A3D96A0016CDC6 /* CoreGraphics */,
				B83144F3259CB4D20075D898 /* Dependencies */,
				B8E7FEAA25A4871F0016CDC6 /* Dimensions */,
				B8C1585D25AA01C8003F40CF /* Foundation */,
				B8E7FEBB25A4967B0016CDC6 /* Loading */,
				B83144D5259CA4EC0075D898 /* Reference */,
				B83144EC259CA78E0075D898 /* Storyboard */,
				B8314530259CBE390075D898 /* Swift */,
				B8E7FE7325A3B12D0016CDC6 /* UIKit */,
			);
			path = Common;
			sourceTree = "<group>";
		};
		B83144D5259CA4EC0075D898 /* Reference */ = {
			isa = PBXGroup;
			children = (
				B83144D6259CA4F80075D898 /* WeakReference.swift */,
			);
			path = Reference;
			sourceTree = "<group>";
		};
		B83144EC259CA78E0075D898 /* Storyboard */ = {
			isa = PBXGroup;
			children = (
				B83144ED259CA7A80075D898 /* StoryboardLoadable.swift */,
			);
			path = Storyboard;
			sourceTree = "<group>";
		};
		B83144F3259CB4D20075D898 /* Dependencies */ = {
			isa = PBXGroup;
			children = (
				B83144FA259CB50D0075D898 /* Dependencies.swift */,
				B83144F4259CB4E60075D898 /* DependenciesContainer.swift */,
				B8E7FF1425A523BE0016CDC6 /* ImageCacheService */,
				B8C1584D25A9FEE3003F40CF /* SpaceService */,
				B831454A259CD7E60075D898 /* URLSessionService */,
			);
			path = Dependencies;
			sourceTree = "<group>";
		};
		B8314506259CB8C90075D898 /* Common */ = {
			isa = PBXGroup;
			children = (
				B8E7FE5C25A39F7F0016CDC6 /* Foundation */,
				B8E7FE5425A39F090016CDC6 /* Combine */,
				B8314511259CB9490075D898 /* XCTest */,
			);
			path = Common;
			sourceTree = "<group>";
		};
		B8314507259CB8D40075D898 /* Supporting */ = {
			isa = PBXGroup;
			children = (
				B831448B259C999B0075D898 /* Info.plist */,
			);
			path = Supporting;
			sourceTree = "<group>";
		};
		B8314511259CB9490075D898 /* XCTest */ = {
			isa = PBXGroup;
			children = (
				B831450C259CB9110075D898 /* XCTestCase+.swift */,
			);
			path = XCTest;
			sourceTree = "<group>";
		};
		B8314512259CB9570075D898 /* Mock */ = {
			isa = PBXGroup;
			children = (
				B8314513259CB9650075D898 /* DependenciesContainerMock.swift */,
				B8314564259D08200075D898 /* Dependencies */,
				B83145E8259E73140075D898 /* Model */,
				B8314563259D08140075D898 /* Scene */,
			);
			path = Mock;
			sourceTree = "<group>";
		};
		B8314519259CB9C50075D898 /* Tests */ = {
			isa = PBXGroup;
			children = (
				B831451B259CB9D50075D898 /* Common */,
				B831451A259CB9D10075D898 /* Scenes */,
			);
			path = Tests;
			sourceTree = "<group>";
		};
		B831451A259CB9D10075D898 /* Scenes */ = {
			isa = PBXGroup;
			children = (
			);
			path = Scenes;
			sourceTree = "<group>";
		};
		B831451B259CB9D50075D898 /* Common */ = {
			isa = PBXGroup;
			children = (
				B831451C259CB9F50075D898 /* DependenciesManagerTests.swift */,
				B831452C259CBBB50075D898 /* StoryboardLoadableTests.swift */,
			);
			path = Common;
			sourceTree = "<group>";
		};
		B8314530259CBE390075D898 /* Swift */ = {
			isa = PBXGroup;
			children = (
				B8314557259CDC9F0075D898 /* Array+.swift */,
				B831455B259D057B0075D898 /* CustomLocalisedError.swift */,
				B8314590259D12600075D898 /* Mutable.swift */,
				B83145B6259E25A40075D898 /* Set+.swift */,
				B83145B0259E23B10075D898 /* Set+Range.swift */,
				B8314531259CBE4A0075D898 /* String+.swift */,
			);
			path = Swift;
			sourceTree = "<group>";
		};
		B8314535259CD6430075D898 /* Model */ = {
			isa = PBXGroup;
			children = (
				B8C1584E25A9FEF1003F40CF /* EPIC */,
			);
			path = Model;
			sourceTree = "<group>";
		};
		B831454A259CD7E60075D898 /* URLSessionService */ = {
			isa = PBXGroup;
			children = (
				B831454B259CD8050075D898 /* URLSessionService.swift */,
			);
			path = URLSessionService;
			sourceTree = "<group>";
		};
		B8314563259D08140075D898 /* Scene */ = {
			isa = PBXGroup;
			children = (
				B8314522259CBAA50075D898 /* MockScene.storyboard */,
				B8314528259CBAEC0075D898 /* MockSceneViewController.swift */,
			);
			path = Scene;
			sourceTree = "<group>";
		};
		B8314564259D08200075D898 /* Dependencies */ = {
			isa = PBXGroup;
			children = (
				B8E7FF1F25A527CA0016CDC6 /* ImageCacheService */,
				B8C1587725AA1051003F40CF /* SpaceServiceMock */,
				B8314566259D08320075D898 /* URLSessionService */,
			);
			path = Dependencies;
			sourceTree = "<group>";
		};
		B8314566259D08320075D898 /* URLSessionService */ = {
			isa = PBXGroup;
			children = (
				B8314567259D083F0075D898 /* URLSessionServiceMock.swift */,
				B831456D259D08610075D898 /* URLSessionMock.swift */,
			);
			path = URLSessionService;
			sourceTree = "<group>";
		};
		B8314594259E11C50075D898 /* Combine */ = {
			isa = PBXGroup;
			children = (
				B8314595259E11DF0075D898 /* Combine+URLRequestValidation.swift */,
				B8E7FE6B25A3AA000016CDC6 /* Publisher+MapFlatMap.swift */,
				B8E7FE6F25A3B05A0016CDC6 /* Publisher+AssignWeakly.swift */,
				B8C1586625AA06EA003F40CF /* Publisher+Unwrap.swift */,
			);
			path = Combine;
			sourceTree = "<group>";
		};
		B83145E8259E73140075D898 /* Model */ = {
			isa = PBXGroup;
			children = (
				B83145E9259E732C0075D898 /* EPICImage+Mock.swift */,
			);
			path = Model;
			sourceTree = "<group>";
		};
		B8C1584D25A9FEE3003F40CF /* SpaceService */ = {
			isa = PBXGroup;
			children = (
				B8C1585925A9FF87003F40CF /* SpaceService.swift */,
			);
			path = SpaceService;
			sourceTree = "<group>";
		};
		B8C1584E25A9FEF1003F40CF /* EPIC */ = {
			isa = PBXGroup;
			children = (
				B8C1585125A9FF07003F40CF /* EPICImage.swift */,
			);
			path = EPIC;
			sourceTree = "<group>";
		};
		B8C1585D25AA01C8003F40CF /* Foundation */ = {
			isa = PBXGroup;
			children = (
				B8C1585E25AA01D4003F40CF /* URL+.swift */,
			);
			path = Foundation;
			sourceTree = "<group>";
		};
		B8C1587725AA1051003F40CF /* SpaceServiceMock */ = {
			isa = PBXGroup;
			children = (
				B8C1587825AA105E003F40CF /* SpaceServiceMock.swift */,
			);
			path = SpaceServiceMock;
			sourceTree = "<group>";
		};
		B8E7FE5425A39F090016CDC6 /* Combine */ = {
			isa = PBXGroup;
			children = (
				B8E7FE5525A39F180016CDC6 /* AnyPublisher+Mock.swift */,
			);
			path = Combine;
			sourceTree = "<group>";
		};
		B8E7FE5C25A39F7F0016CDC6 /* Foundation */ = {
			isa = PBXGroup;
			children = (
				B8E7FE5D25A39F880016CDC6 /* MockError.swift */,
			);
			path = Foundation;
			sourceTree = "<group>";
		};
		B8E7FE7325A3B12D0016CDC6 /* UIKit */ = {
			isa = PBXGroup;
			children = (
				B8C1588025AC807E003F40CF /* UIView+AssignWeaklyAnimating.swift */,
			);
			path = UIKit;
			sourceTree = "<group>";
		};
		B8E7FE8425A3D96A0016CDC6 /* CoreGraphics */ = {
			isa = PBXGroup;
			children = (
				B8E7FE8525A3D9850016CDC6 /* CGSize+.swift */,
				B8E7FE8925A3E51B0016CDC6 /* CGRect+.swift */,
				B8E7FE8D25A3E6390016CDC6 /* CGPoint+.swift */,
			);
			path = CoreGraphics;
			sourceTree = "<group>";
		};
		B8E7FEAA25A4871F0016CDC6 /* Dimensions */ = {
			isa = PBXGroup;
			children = (
				B8E7FEAB25A487330016CDC6 /* Integer+Byte.swift */,
			);
			path = Dimensions;
			sourceTree = "<group>";
		};
		B8E7FEBB25A4967B0016CDC6 /* Loading */ = {
			isa = PBXGroup;
			children = (
				B8E7FEBC25A496860016CDC6 /* Loadable.swift */,
				B8E7FECC25A49EDC0016CDC6 /* Loadable+Combine.swift */,
			);
			path = Loading;
			sourceTree = "<group>";
		};
		B8E7FF1425A523BE0016CDC6 /* ImageCacheService */ = {
			isa = PBXGroup;
			children = (
				B8E7FF1525A523E70016CDC6 /* ImageService.swift */,
			);
			path = ImageCacheService;
			sourceTree = "<group>";
		};
		B8E7FF1F25A527CA0016CDC6 /* ImageCacheService */ = {
			isa = PBXGroup;
			children = (
				B8E7FF2025A527DE0016CDC6 /* ImageServiceMock.swift */,
			);
			path = ImageCacheService;
			sourceTree = "<group>";
		};
/* End PBXGroup section */

/* Begin PBXNativeTarget section */
		B831446E259C99990075D898 /* Space */ = {
			isa = PBXNativeTarget;
			buildConfigurationList = B8314499259C999B0075D898 /* Build configuration list for PBXNativeTarget "Space" */;
			buildPhases = (
				B831446B259C99990075D898 /* Sources */,
				B831446C259C99990075D898 /* Frameworks */,
				B831446D259C99990075D898 /* Resources */,
			);
			buildRules = (
			);
			dependencies = (
			);
			name = Space;
			productName = Space;
			productReference = B831446F259C99990075D898 /* Space.app */;
			productType = "com.apple.product-type.application";
		};
		B8314484259C999B0075D898 /* SpaceTests */ = {
			isa = PBXNativeTarget;
			buildConfigurationList = B831449C259C999B0075D898 /* Build configuration list for PBXNativeTarget "SpaceTests" */;
			buildPhases = (
				B8314481259C999B0075D898 /* Sources */,
				B8314482259C999B0075D898 /* Frameworks */,
				B8314483259C999B0075D898 /* Resources */,
			);
			buildRules = (
			);
			dependencies = (
				B8314487259C999B0075D898 /* PBXTargetDependency */,
			);
			name = SpaceTests;
			productName = SpaceTests;
			productReference = B8314485259C999B0075D898 /* SpaceTests.xctest */;
			productType = "com.apple.product-type.bundle.unit-test";
		};
/* End PBXNativeTarget section */

/* Begin PBXProject section */
		B8314467259C99990075D898 /* Project object */ = {
			isa = PBXProject;
			attributes = {
				LastSwiftUpdateCheck = 1230;
				LastUpgradeCheck = 1230;
				TargetAttributes = {
					B831446E259C99990075D898 = {
						CreatedOnToolsVersion = 12.3;
					};
					B8314484259C999B0075D898 = {
						CreatedOnToolsVersion = 12.3;
						LastSwiftMigration = 1230;
						TestTargetID = B831446E259C99990075D898;
					};
				};
			};
			buildConfigurationList = B831446A259C99990075D898 /* Build configuration list for PBXProject "Space" */;
			compatibilityVersion = "Xcode 9.3";
			developmentRegion = en;
			hasScannedForEncodings = 0;
			knownRegions = (
				en,
				Base,
			);
			mainGroup = B8314466259C99990075D898;
			productRefGroup = B8314470259C99990075D898 /* Products */;
			projectDirPath = "";
			projectRoot = "";
			targets = (
				B831446E259C99990075D898 /* Space */,
				B8314484259C999B0075D898 /* SpaceTests */,
			);
		};
/* End PBXProject section */

/* Begin PBXResourcesBuildPhase section */
		B831446D259C99990075D898 /* Resources */ = {
			isa = PBXResourcesBuildPhase;
			buildActionMask = 2147483647;
			files = (
				B83144CA259C9F950075D898 /* LaunchScreen.storyboard in Resources */,
				B83144C4259C9F7E0075D898 /* Main.storyboard in Resources */,
				B831447C259C999B0075D898 /* Assets.xcassets in Resources */,
			);
			runOnlyForDeploymentPostprocessing = 0;
		};
		B8314483259C999B0075D898 /* Resources */ = {
			isa = PBXResourcesBuildPhase;
			buildActionMask = 2147483647;
			files = (
				B8314523259CBAA50075D898 /* MockScene.storyboard in Resources */,
			);
			runOnlyForDeploymentPostprocessing = 0;
		};
/* End PBXResourcesBuildPhase section */

/* Begin PBXSourcesBuildPhase section */
		B831446B259C99990075D898 /* Sources */ = {
			isa = PBXSourcesBuildPhase;
			buildActionMask = 2147483647;
			files = (
				B8E7FECD25A49EDC0016CDC6 /* Loadable+Combine.swift in Sources */,
				B8E7FE7025A3B05A0016CDC6 /* Publisher+AssignWeakly.swift in Sources */,
				B8314589259D10DC0075D898 /* Secrets.swift in Sources */,
				B83144D7259CA4F80075D898 /* WeakReference.swift in Sources */,
				B83145B7259E25A40075D898 /* Set+.swift in Sources */,
				B8314558259CDC9F0075D898 /* Array+.swift in Sources */,
				B8E7FE8625A3D9850016CDC6 /* CGSize+.swift in Sources */,
				B8E7FE6C25A3AA000016CDC6 /* Publisher+MapFlatMap.swift in Sources */,
				B83144D1259CA4A50075D898 /* Coordinator.swift in Sources */,
				B8E7FF1625A523E70016CDC6 /* ImageService.swift in Sources */,
				B8314477259C99990075D898 /* MainViewController.swift in Sources */,
				B8314473259C99990075D898 /* AppDelegate.swift in Sources */,
				B83144F5259CB4E60075D898 /* DependenciesContainer.swift in Sources */,
				B8E7FE7725A3B1C20016CDC6 /* AppCoordinator.swift in Sources */,
				B83144EE259CA7A80075D898 /* StoryboardLoadable.swift in Sources */,
				B83144FB259CB50D0075D898 /* Dependencies.swift in Sources */,
				B8E7FE8E25A3E6390016CDC6 /* CGPoint+.swift in Sources */,
				B8E7FF0225A4B1530016CDC6 /* MainViewModel+PanningInteraction.swift in Sources */,
				B831455C259D057B0075D898 /* CustomLocalisedError.swift in Sources */,
				B83144DB259CA70B0075D898 /* Coordinator+.swift in Sources */,
				B8314475259C99990075D898 /* SceneDelegate.swift in Sources */,
				B8E7FEBD25A496860016CDC6 /* Loadable.swift in Sources */,
				B83145B1259E23B10075D898 /* Set+Range.swift in Sources */,
				B8C1585F25AA01D4003F40CF /* URL+.swift in Sources */,
				B8C1586725AA06EA003F40CF /* Publisher+Unwrap.swift in Sources */,
				B8E7FEAC25A487330016CDC6 /* Integer+Byte.swift in Sources */,
				B8E7FE6825A3A2B30016CDC6 /* MainViewModel.swift in Sources */,
				B8E7FEB425A48A340016CDC6 /* MainViewModel+State.swift in Sources */,
				B831454C259CD8050075D898 /* URLSessionService.swift in Sources */,
				B8314591259D12600075D898 /* Mutable.swift in Sources */,
				B8C1585225A9FF07003F40CF /* EPICImage.swift in Sources */,
				B83144E7259CA74C0075D898 /* ViewModelOwner.swift in Sources */,
				B8314532259CBE4A0075D898 /* String+.swift in Sources */,
				B8C1588125AC807E003F40CF /* UIView+AssignWeaklyAnimating.swift in Sources */,
				B83144E0259CA7290075D898 /* ViewModel.swift in Sources */,
				B8C1585A25A9FF87003F40CF /* SpaceService.swift in Sources */,
				B8314596259E11DF0075D898 /* Combine+URLRequestValidation.swift in Sources */,
				B8E7FE8A25A3E51B0016CDC6 /* CGRect+.swift in Sources */,
			);
			runOnlyForDeploymentPostprocessing = 0;
		};
		B8314481259C999B0075D898 /* Sources */ = {
			isa = PBXSourcesBuildPhase;
			buildActionMask = 2147483647;
			files = (
				B8E7FF2125A527DE0016CDC6 /* ImageServiceMock.swift in Sources */,
				B8314514259CB9650075D898 /* DependenciesContainerMock.swift in Sources */,
				B831456E259D08610075D898 /* URLSessionMock.swift in Sources */,
				B831450D259CB9110075D898 /* XCTestCase+.swift in Sources */,
				B831451D259CB9F50075D898 /* DependenciesManagerTests.swift in Sources */,
				B8314568259D083F0075D898 /* URLSessionServiceMock.swift in Sources */,
				B8E7FE5E25A39F880016CDC6 /* MockError.swift in Sources */,
				B8314529259CBAEC0075D898 /* MockSceneViewController.swift in Sources */,
				B8C1587925AA105E003F40CF /* SpaceServiceMock.swift in Sources */,
				B83145EA259E732C0075D898 /* EPICImage+Mock.swift in Sources */,
				B831452D259CBBB50075D898 /* StoryboardLoadableTests.swift in Sources */,
				B8E7FE5625A39F180016CDC6 /* AnyPublisher+Mock.swift in Sources */,
			);
			runOnlyForDeploymentPostprocessing = 0;
		};
/* End PBXSourcesBuildPhase section */

/* Begin PBXTargetDependency section */
		B8314487259C999B0075D898 /* PBXTargetDependency */ = {
			isa = PBXTargetDependency;
			target = B831446E259C99990075D898 /* Space */;
			targetProxy = B8314486259C999B0075D898 /* PBXContainerItemProxy */;
		};
/* End PBXTargetDependency section */

/* Begin XCBuildConfiguration section */
		B8314497259C999B0075D898 /* Debug */ = {
			isa = XCBuildConfiguration;
			buildSettings = {
				ALWAYS_SEARCH_USER_PATHS = NO;
				CLANG_ANALYZER_NONNULL = YES;
				CLANG_ANALYZER_NUMBER_OBJECT_CONVERSION = YES_AGGRESSIVE;
				CLANG_CXX_LANGUAGE_STANDARD = "gnu++14";
				CLANG_CXX_LIBRARY = "libc++";
				CLANG_ENABLE_MODULES = YES;
				CLANG_ENABLE_OBJC_ARC = YES;
				CLANG_ENABLE_OBJC_WEAK = YES;
				CLANG_WARN_BLOCK_CAPTURE_AUTORELEASING = YES;
				CLANG_WARN_BOOL_CONVERSION = YES;
				CLANG_WARN_COMMA = YES;
				CLANG_WARN_CONSTANT_CONVERSION = YES;
				CLANG_WARN_DEPRECATED_OBJC_IMPLEMENTATIONS = YES;
				CLANG_WARN_DIRECT_OBJC_ISA_USAGE = YES_ERROR;
				CLANG_WARN_DOCUMENTATION_COMMENTS = YES;
				CLANG_WARN_EMPTY_BODY = YES;
				CLANG_WARN_ENUM_CONVERSION = YES;
				CLANG_WARN_INFINITE_RECURSION = YES;
				CLANG_WARN_INT_CONVERSION = YES;
				CLANG_WARN_NON_LITERAL_NULL_CONVERSION = YES;
				CLANG_WARN_OBJC_IMPLICIT_RETAIN_SELF = YES;
				CLANG_WARN_OBJC_LITERAL_CONVERSION = YES;
				CLANG_WARN_OBJC_ROOT_CLASS = YES_ERROR;
				CLANG_WARN_QUOTED_INCLUDE_IN_FRAMEWORK_HEADER = YES;
				CLANG_WARN_RANGE_LOOP_ANALYSIS = YES;
				CLANG_WARN_STRICT_PROTOTYPES = YES;
				CLANG_WARN_SUSPICIOUS_MOVE = YES;
				CLANG_WARN_UNGUARDED_AVAILABILITY = YES_AGGRESSIVE;
				CLANG_WARN_UNREACHABLE_CODE = YES;
				CLANG_WARN__DUPLICATE_METHOD_MATCH = YES;
				COPY_PHASE_STRIP = NO;
				DEBUG_INFORMATION_FORMAT = dwarf;
				ENABLE_STRICT_OBJC_MSGSEND = YES;
				ENABLE_TESTABILITY = YES;
				GCC_C_LANGUAGE_STANDARD = gnu11;
				GCC_DYNAMIC_NO_PIC = NO;
				GCC_NO_COMMON_BLOCKS = YES;
				GCC_OPTIMIZATION_LEVEL = 0;
				GCC_PREPROCESSOR_DEFINITIONS = (
					"DEBUG=1",
					"$(inherited)",
				);
				GCC_WARN_64_TO_32_BIT_CONVERSION = YES;
				GCC_WARN_ABOUT_RETURN_TYPE = YES_ERROR;
				GCC_WARN_UNDECLARED_SELECTOR = YES;
				GCC_WARN_UNINITIALIZED_AUTOS = YES_AGGRESSIVE;
				GCC_WARN_UNUSED_FUNCTION = YES;
				GCC_WARN_UNUSED_VARIABLE = YES;
				IPHONEOS_DEPLOYMENT_TARGET = 14.3;
				MTL_ENABLE_DEBUG_INFO = INCLUDE_SOURCE;
				MTL_FAST_MATH = YES;
				ONLY_ACTIVE_ARCH = YES;
				SDKROOT = iphoneos;
				SWIFT_ACTIVE_COMPILATION_CONDITIONS = DEBUG;
				SWIFT_OPTIMIZATION_LEVEL = "-Onone";
			};
			name = Debug;
		};
		B8314498259C999B0075D898 /* Release */ = {
			isa = XCBuildConfiguration;
			buildSettings = {
				ALWAYS_SEARCH_USER_PATHS = NO;
				CLANG_ANALYZER_NONNULL = YES;
				CLANG_ANALYZER_NUMBER_OBJECT_CONVERSION = YES_AGGRESSIVE;
				CLANG_CXX_LANGUAGE_STANDARD = "gnu++14";
				CLANG_CXX_LIBRARY = "libc++";
				CLANG_ENABLE_MODULES = YES;
				CLANG_ENABLE_OBJC_ARC = YES;
				CLANG_ENABLE_OBJC_WEAK = YES;
				CLANG_WARN_BLOCK_CAPTURE_AUTORELEASING = YES;
				CLANG_WARN_BOOL_CONVERSION = YES;
				CLANG_WARN_COMMA = YES;
				CLANG_WARN_CONSTANT_CONVERSION = YES;
				CLANG_WARN_DEPRECATED_OBJC_IMPLEMENTATIONS = YES;
				CLANG_WARN_DIRECT_OBJC_ISA_USAGE = YES_ERROR;
				CLANG_WARN_DOCUMENTATION_COMMENTS = YES;
				CLANG_WARN_EMPTY_BODY = YES;
				CLANG_WARN_ENUM_CONVERSION = YES;
				CLANG_WARN_INFINITE_RECURSION = YES;
				CLANG_WARN_INT_CONVERSION = YES;
				CLANG_WARN_NON_LITERAL_NULL_CONVERSION = YES;
				CLANG_WARN_OBJC_IMPLICIT_RETAIN_SELF = YES;
				CLANG_WARN_OBJC_LITERAL_CONVERSION = YES;
				CLANG_WARN_OBJC_ROOT_CLASS = YES_ERROR;
				CLANG_WARN_QUOTED_INCLUDE_IN_FRAMEWORK_HEADER = YES;
				CLANG_WARN_RANGE_LOOP_ANALYSIS = YES;
				CLANG_WARN_STRICT_PROTOTYPES = YES;
				CLANG_WARN_SUSPICIOUS_MOVE = YES;
				CLANG_WARN_UNGUARDED_AVAILABILITY = YES_AGGRESSIVE;
				CLANG_WARN_UNREACHABLE_CODE = YES;
				CLANG_WARN__DUPLICATE_METHOD_MATCH = YES;
				COPY_PHASE_STRIP = NO;
				DEBUG_INFORMATION_FORMAT = "dwarf-with-dsym";
				ENABLE_NS_ASSERTIONS = NO;
				ENABLE_STRICT_OBJC_MSGSEND = YES;
				GCC_C_LANGUAGE_STANDARD = gnu11;
				GCC_NO_COMMON_BLOCKS = YES;
				GCC_WARN_64_TO_32_BIT_CONVERSION = YES;
				GCC_WARN_ABOUT_RETURN_TYPE = YES_ERROR;
				GCC_WARN_UNDECLARED_SELECTOR = YES;
				GCC_WARN_UNINITIALIZED_AUTOS = YES_AGGRESSIVE;
				GCC_WARN_UNUSED_FUNCTION = YES;
				GCC_WARN_UNUSED_VARIABLE = YES;
				IPHONEOS_DEPLOYMENT_TARGET = 14.3;
				MTL_ENABLE_DEBUG_INFO = NO;
				MTL_FAST_MATH = YES;
				SDKROOT = iphoneos;
				SWIFT_COMPILATION_MODE = wholemodule;
				SWIFT_OPTIMIZATION_LEVEL = "-O";
				VALIDATE_PRODUCT = YES;
			};
			name = Release;
		};
		B831449A259C999B0075D898 /* Debug */ = {
			isa = XCBuildConfiguration;
			buildSettings = {
				ASSETCATALOG_COMPILER_APPICON_NAME = AppIcon;
				ASSETCATALOG_COMPILER_GLOBAL_ACCENT_COLOR_NAME = AccentColor;
				CODE_SIGN_STYLE = Automatic;
				DEVELOPMENT_TEAM = B524284DDA;
				INFOPLIST_FILE = Space/Supporting/Info.plist;
				IPHONEOS_DEPLOYMENT_TARGET = 14.0;
				LD_RUNPATH_SEARCH_PATHS = (
					"$(inherited)",
					"@executable_path/Frameworks",
				);
				PRODUCT_BUNDLE_IDENTIFIER = com.cblunardi.Space;
				PRODUCT_NAME = "$(TARGET_NAME)";
				SWIFT_VERSION = 5.0;
				TARGETED_DEVICE_FAMILY = 1;
			};
			name = Debug;
		};
		B831449B259C999B0075D898 /* Release */ = {
			isa = XCBuildConfiguration;
			buildSettings = {
				ASSETCATALOG_COMPILER_APPICON_NAME = AppIcon;
				ASSETCATALOG_COMPILER_GLOBAL_ACCENT_COLOR_NAME = AccentColor;
				CODE_SIGN_STYLE = Automatic;
				DEVELOPMENT_TEAM = B524284DDA;
				INFOPLIST_FILE = Space/Supporting/Info.plist;
				IPHONEOS_DEPLOYMENT_TARGET = 14.0;
				LD_RUNPATH_SEARCH_PATHS = (
					"$(inherited)",
					"@executable_path/Frameworks",
				);
				PRODUCT_BUNDLE_IDENTIFIER = com.cblunardi.Space;
				PRODUCT_NAME = "$(TARGET_NAME)";
				SWIFT_VERSION = 5.0;
				TARGETED_DEVICE_FAMILY = 1;
			};
			name = Release;
		};
		B831449D259C999B0075D898 /* Debug */ = {
			isa = XCBuildConfiguration;
			buildSettings = {
				ALWAYS_EMBED_SWIFT_STANDARD_LIBRARIES = YES;
				BUNDLE_LOADER = "$(TEST_HOST)";
				CLANG_ENABLE_MODULES = YES;
				CODE_SIGN_STYLE = Automatic;
				INFOPLIST_FILE = SpaceTests/Supporting/Info.plist;
				IPHONEOS_DEPLOYMENT_TARGET = 14.3;
				LD_RUNPATH_SEARCH_PATHS = (
					"$(inherited)",
					"@executable_path/Frameworks",
					"@loader_path/Frameworks",
				);
				PRODUCT_BUNDLE_IDENTIFIER = com.cblunardi.SpaceTests;
				PRODUCT_NAME = "$(TARGET_NAME)";
				SWIFT_OPTIMIZATION_LEVEL = "-Onone";
				SWIFT_VERSION = 5.0;
				TARGETED_DEVICE_FAMILY = "1,2";
				TEST_HOST = "$(BUILT_PRODUCTS_DIR)/Space.app/Space";
			};
			name = Debug;
		};
		B831449E259C999B0075D898 /* Release */ = {
			isa = XCBuildConfiguration;
			buildSettings = {
				ALWAYS_EMBED_SWIFT_STANDARD_LIBRARIES = YES;
				BUNDLE_LOADER = "$(TEST_HOST)";
				CLANG_ENABLE_MODULES = YES;
				CODE_SIGN_STYLE = Automatic;
				INFOPLIST_FILE = SpaceTests/Supporting/Info.plist;
				IPHONEOS_DEPLOYMENT_TARGET = 14.3;
				LD_RUNPATH_SEARCH_PATHS = (
					"$(inherited)",
					"@executable_path/Frameworks",
					"@loader_path/Frameworks",
				);
				PRODUCT_BUNDLE_IDENTIFIER = com.cblunardi.SpaceTests;
				PRODUCT_NAME = "$(TARGET_NAME)";
				SWIFT_VERSION = 5.0;
				TARGETED_DEVICE_FAMILY = "1,2";
				TEST_HOST = "$(BUILT_PRODUCTS_DIR)/Space.app/Space";
			};
			name = Release;
		};
/* End XCBuildConfiguration section */

/* Begin XCConfigurationList section */
		B831446A259C99990075D898 /* Build configuration list for PBXProject "Space" */ = {
			isa = XCConfigurationList;
			buildConfigurations = (
				B8314497259C999B0075D898 /* Debug */,
				B8314498259C999B0075D898 /* Release */,
			);
			defaultConfigurationIsVisible = 0;
			defaultConfigurationName = Release;
		};
		B8314499259C999B0075D898 /* Build configuration list for PBXNativeTarget "Space" */ = {
			isa = XCConfigurationList;
			buildConfigurations = (
				B831449A259C999B0075D898 /* Debug */,
				B831449B259C999B0075D898 /* Release */,
			);
			defaultConfigurationIsVisible = 0;
			defaultConfigurationName = Release;
		};
		B831449C259C999B0075D898 /* Build configuration list for PBXNativeTarget "SpaceTests" */ = {
			isa = XCConfigurationList;
			buildConfigurations = (
				B831449D259C999B0075D898 /* Debug */,
				B831449E259C999B0075D898 /* Release */,
			);
			defaultConfigurationIsVisible = 0;
			defaultConfigurationName = Release;
		};
/* End XCConfigurationList section */
	};
	rootObject = B8314467259C99990075D898 /* Project object */;
}
